// !$*UTF8*$!
{
	archiveVersion = 1;
	classes = {
	};
	objectVersion = 46;
	objects = {

/* Begin PBXBuildFile section */
		A10B685F1E7944AB0040180A /* AppDelegate.swift in Sources */ = {isa = PBXBuildFile; fileRef = A10B685E1E7944AB0040180A /* AppDelegate.swift */; };
		A10B68641E7944AB0040180A /* Main.storyboard in Resources */ = {isa = PBXBuildFile; fileRef = A10B68621E7944AB0040180A /* Main.storyboard */; };
		A10B68661E7944AB0040180A /* Assets.xcassets in Resources */ = {isa = PBXBuildFile; fileRef = A10B68651E7944AB0040180A /* Assets.xcassets */; };
		A10B68691E7944AB0040180A /* LaunchScreen.storyboard in Resources */ = {isa = PBXBuildFile; fileRef = A10B68671E7944AB0040180A /* LaunchScreen.storyboard */; };
		A14CDBAF1E801743000ECD52 /* ConversionViewController.swift in Sources */ = {isa = PBXBuildFile; fileRef = A14CDBAE1E801743000ECD52 /* ConversionViewController.swift */; };
		A181D50A1E93CD6D001C76AB /* MapKit.framework in Frameworks */ = {isa = PBXBuildFile; fileRef = A181D5091E93CD6C001C76AB /* MapKit.framework */; };
		A19748D01E97BF0100EC2DA7 /* MapViewController.swift in Sources */ = {isa = PBXBuildFile; fileRef = A19748CF1E97BF0100EC2DA7 /* MapViewController.swift */; };
/* End PBXBuildFile section */

/* Begin PBXFileReference section */
		A10B685B1E7944AB0040180A /* WorldTrotter.app */ = {isa = PBXFileReference; explicitFileType = wrapper.application; includeInIndex = 0; path = WorldTrotter.app; sourceTree = BUILT_PRODUCTS_DIR; };
		A10B685E1E7944AB0040180A /* AppDelegate.swift */ = {isa = PBXFileReference; lastKnownFileType = sourcecode.swift; path = AppDelegate.swift; sourceTree = "<group>"; };
		A10B68631E7944AB0040180A /* Base */ = {isa = PBXFileReference; lastKnownFileType = file.storyboard; name = Base; path = Base.lproj/Main.storyboard; sourceTree = "<group>"; };
		A10B68651E7944AB0040180A /* Assets.xcassets */ = {isa = PBXFileReference; lastKnownFileType = folder.assetcatalog; path = Assets.xcassets; sourceTree = "<group>"; };
		A10B68681E7944AB0040180A /* Base */ = {isa = PBXFileReference; lastKnownFileType = file.storyboard; name = Base; path = Base.lproj/LaunchScreen.storyboard; sourceTree = "<group>"; };
		A10B686A1E7944AB0040180A /* Info.plist */ = {isa = PBXFileReference; lastKnownFileType = text.plist.xml; path = Info.plist; sourceTree = "<group>"; };
		A14CDBAE1E801743000ECD52 /* ConversionViewController.swift */ = {isa = PBXFileReference; fileEncoding = 4; lastKnownFileType = sourcecode.swift; name = ConversionViewController.swift; path = ../ConversionViewController.swift; sourceTree = "<group>"; };
		A181D5091E93CD6C001C76AB /* MapKit.framework */ = {isa = PBXFileReference; lastKnownFileType = wrapper.framework; name = MapKit.framework; path = System/Library/Frameworks/MapKit.framework; sourceTree = SDKROOT; };
		A19748CF1E97BF0100EC2DA7 /* MapViewController.swift */ = {isa = PBXFileReference; fileEncoding = 4; lastKnownFileType = sourcecode.swift; path = MapViewController.swift; sourceTree = "<group>"; };
/* End PBXFileReference section */

/* Begin PBXFrameworksBuildPhase section */
		A10B68581E7944AB0040180A /* Frameworks */ = {
			isa = PBXFrameworksBuildPhase;
			buildActionMask = 2147483647;
			files = (
				A181D50A1E93CD6D001C76AB /* MapKit.framework in Frameworks */,
			);
			runOnlyForDeploymentPostprocessing = 0;
		};
/* End PBXFrameworksBuildPhase section */

/* Begin PBXGroup section */
		A10B68521E7944AB0040180A = {
			isa = PBXGroup;
			children = (
				A10B685D1E7944AB0040180A /* WorldTrotter */,
				A10B685C1E7944AB0040180A /* Products */,
				A181D5081E93CD6C001C76AB /* Frameworks */,
			);
			sourceTree = "<group>";
		};
		A10B685C1E7944AB0040180A /* Products */ = {
			isa = PBXGroup;
			children = (
				A10B685B1E7944AB0040180A /* WorldTrotter.app */,
			);
			name = Products;
			sourceTree = "<group>";
		};
		A10B685D1E7944AB0040180A /* WorldTrotter */ = {
			isa = PBXGroup;
			children = (
				A14CDBAE1E801743000ECD52 /* ConversionViewController.swift */,
				A10B685E1E7944AB0040180A /* AppDelegate.swift */,
				A10B68621E7944AB0040180A /* Main.storyboard */,
				A10B68651E7944AB0040180A /* Assets.xcassets */,
				A10B68671E7944AB0040180A /* LaunchScreen.storyboard */,
				A10B686A1E7944AB0040180A /* Info.plist */,
				A19748CF1E97BF0100EC2DA7 /* MapViewController.swift */,
			);
			path = WorldTrotter;
			sourceTree = "<group>";
		};
		A181D5081E93CD6C001C76AB /* Frameworks */ = {
			isa = PBXGroup;
			children = (
				A181D5091E93CD6C001C76AB /* MapKit.framework */,
			);
			name = Frameworks;
			sourceTree = "<group>";
		};
/* End PBXGroup section */

/* Begin PBXNativeTarget section */
		A10B685A1E7944AB0040180A /* WorldTrotter */ = {
			isa = PBXNativeTarget;
			buildConfigurationList = A10B686D1E7944AB0040180A /* Build configuration list for PBXNativeTarget "WorldTrotter" */;
			buildPhases = (
				A10B68571E7944AB0040180A /* Sources */,
				A10B68581E7944AB0040180A /* Frameworks */,
				A10B68591E7944AB0040180A /* Resources */,
			);
			buildRules = (
			);
			dependencies = (
			);
			name = WorldTrotter;
			productName = WorldTrotter;
			productReference = A10B685B1E7944AB0040180A /* WorldTrotter.app */;
			productType = "com.apple.product-type.application";
		};
/* End PBXNativeTarget section */

/* Begin PBXProject section */
		A10B68531E7944AB0040180A /* Project object */ = {
			isa = PBXProject;
			attributes = {
				LastSwiftUpdateCheck = 0820;
				LastUpgradeCheck = 0820;
				ORGANIZATIONNAME = VibinBigNerd;
				TargetAttributes = {
					A10B685A1E7944AB0040180A = {
						CreatedOnToolsVersion = 8.2.1;
						ProvisioningStyle = Automatic;
					};
				};
			};
			buildConfigurationList = A10B68561E7944AB0040180A /* Build configuration list for PBXProject "WorldTrotter" */;
			compatibilityVersion = "Xcode 3.2";
			developmentRegion = English;
			hasScannedForEncodings = 0;
			knownRegions = (
				en,
				Base,
			);
			mainGroup = A10B68521E7944AB0040180A;
			productRefGroup = A10B685C1E7944AB0040180A /* Products */;
			projectDirPath = "";
			projectRoot = "";
			targets = (
				A10B685A1E7944AB0040180A /* WorldTrotter */,
			);
		};
/* End PBXProject section */

/* Begin PBXResourcesBuildPhase section */
		A10B68591E7944AB0040180A /* Resources */ = {
			isa = PBXResourcesBuildPhase;
			buildActionMask = 2147483647;
			files = (
				A10B68691E7944AB0040180A /* LaunchScreen.storyboard in Resources */,
				A10B68661E7944AB0040180A /* Assets.xcassets in Resources */,
				A10B68641E7944AB0040180A /* Main.storyboard in Resources */,
			);
			runOnlyForDeploymentPostprocessing = 0;
		};
/* End PBXResourcesBuildPhase section */

/* Begin PBXSourcesBuildPhase section */
		A10B68571E7944AB0040180A /* Sources */ = {
			isa = PBXSourcesBuildPhase;
			buildActionMask = 2147483647;
			files = (
				A14CDBAF1E801743000ECD52 /* ConversionViewController.swift in Sources */,
				A19748D01E97BF0100EC2DA7 /* MapViewController.swift in Sources */,
				A10B685F1E7944AB0040180A /* AppDelegate.swift in Sources */,
			);
			runOnlyForDeploymentPostprocessing = 0;
		};
/* End PBXSourcesBuildPhase section */

/* Begin PBXVariantGroup section */
		A10B68621E7944AB0040180A /* Main.storyboard */ = {
			isa = PBXVariantGroup;
			children = (
				A10B68631E7944AB0040180A /* Base */,
			);
			name = Main.storyboard;
			sourceTree = "<group>";
		};
		A10B68671E7944AB0040180A /* LaunchScreen.storyboard */ = {
			isa = PBXVariantGroup;
			children = (
				A10B68681E7944AB0040180A /* Base */,
			);
			name = LaunchScreen.storyboard;
			sourceTree = "<group>";
		};
/* End PBXVariantGroup section */

/* Begin XCBuildConfiguration section */
		A10B686B1E7944AB0040180A /* Debug */ = {
			isa = XCBuildConfiguration;
			buildSettings = {
				ALWAYS_SEARCH_USER_PATHS = NO;
				CLANG_ANALYZER_NONNULL = YES;
				CLANG_CXX_LANGUAGE_STANDARD = "gnu++0x";
				CLANG_CXX_LIBRARY = "libc++";
				CLANG_ENABLE_MODULES = YES;
				CLANG_ENABLE_OBJC_ARC = YES;
				CLANG_WARN_BOOL_CONVERSION = YES;
				CLANG_WARN_CONSTANT_CONVERSION = YES;
				CLANG_WARN_DIRECT_OBJC_ISA_USAGE = YES_ERROR;
				CLANG_WARN_DOCUMENTATION_COMMENTS = YES;
				CLANG_WARN_EMPTY_BODY = YES;
				CLANG_WARN_ENUM_CONVERSION = YES;
				CLANG_WARN_INFINITE_RECURSION = YES;
				CLANG_WARN_INT_CONVERSION = YES;
				CLANG_WARN_OBJC_ROOT_CLASS = YES_ERROR;
				CLANG_WARN_SUSPICIOUS_MOVE = YES;
				CLANG_WARN_UNREACHABLE_CODE = YES;
				CLANG_WARN__DUPLICATE_METHOD_MATCH = YES;
				"CODE_SIGN_IDENTITY[sdk=iphoneos*]" = "iPhone Developer";
				COPY_PHASE_STRIP = NO;
				DEBUG_INFORMATION_FORMAT = dwarf;
				ENABLE_STRICT_OBJC_MSGSEND = YES;
				ENABLE_TESTABILITY = YES;
				GCC_C_LANGUAGE_STANDARD = gnu99;
				GCC_DYNAMIC_NO_PIC = NO;
				GCC_NO_COMMON_BLOCKS = YES;
				GCC_OPTIMIZATION_LEVEL = 0;
				GCC_PREPROCESSOR_DEFINITIONS = (
					"DEBUG=1",
					"$(inherited)",
				);
				GCC_WARN_64_TO_32_BIT_CONVERSION = YES;
				GCC_WARN_ABOUT_RETURN_TYPE = YES_ERROR;
				GCC_WARN_UNDECLARED_SELECTOR = YES;
				GCC_WARN_UNINITIALIZED_AUTOS = YES_AGGRESSIVE;
				GCC_WARN_UNUSED_FUNCTION = YES;
				GCC_WARN_UNUSED_VARIABLE = YES;
				IPHONEOS_DEPLOYMENT_TARGET = 10.2;
				MTL_ENABLE_DEBUG_INFO = YES;
				ONLY_ACTIVE_ARCH = YES;
				SDKROOT = iphoneos;
				SWIFT_ACTIVE_COMPILATION_CONDITIONS = DEBUG;
				SWIFT_OPTIMIZATION_LEVEL = "-Onone";
				TARGETED_DEVICE_FAMILY = "1,2";
			};
			name = Debug;
		};
		A10B686C1E7944AB0040180A /* Release */ = {
			isa = XCBuildConfiguration;
			buildSettings = {
				ALWAYS_SEARCH_USER_PATHS = NO;
				CLANG_ANALYZER_NONNULL = YES;
				CLANG_CXX_LANGUAGE_STANDARD = "gnu++0x";
				CLANG_CXX_LIBRARY = "libc++";
				CLANG_ENABLE_MODULES = YES;
				CLANG_ENABLE_OBJC_ARC = YES;
				CLANG_WARN_BOOL_CONVERSION = YES;
				CLANG_WARN_CONSTANT_CONVERSION = YES;
				CLANG_WARN_DIRECT_OBJC_ISA_USAGE = YES_ERROR;
				CLANG_WARN_DOCUMENTATION_COMMENTS = YES;
				CLANG_WARN_EMPTY_BODY = YES;
				CLANG_WARN_ENUM_CONVERSION = YES;
				CLANG_WARN_INFINITE_RECURSION = YES;
				CLANG_WARN_INT_CONVERSION = YES;
				CLANG_WARN_OBJC_ROOT_CLASS = YES_ERROR;
				CLANG_WARN_SUSPICIOUS_MOVE = YES;
				CLANG_WARN_UNREACHABLE_CODE = YES;
				CLANG_WARN__DUPLICATE_METHOD_MATCH = YES;
				"CODE_SIGN_IDENTITY[sdk=iphoneos*]" = "iPhone Developer";
				COPY_PHASE_STRIP = NO;
				DEBUG_INFORMATION_FORMAT = "dwarf-with-dsym";
				ENABLE_NS_ASSERTIONS = NO;
				ENABLE_STRICT_OBJC_MSGSEND = YES;
				GCC_C_LANGUAGE_STANDARD = gnu99;
				GCC_NO_COMMON_BLOCKS = YES;
				GCC_WARN_64_TO_32_BIT_CONVERSION = YES;
				GCC_WARN_ABOUT_RETURN_TYPE = YES_ERROR;
				GCC_WARN_UNDECLARED_SELECTOR = YES;
				GCC_WARN_UNINITIALIZED_AUTOS = YES_AGGRESSIVE;
				GCC_WARN_UNUSED_FUNCTION = YES;
				GCC_WARN_UNUSED_VARIABLE = YES;
				IPHONEOS_DEPLOYMENT_TARGET = 10.2;
				MTL_ENABLE_DEBUG_INFO = NO;
				SDKROOT = iphoneos;
				SWIFT_OPTIMIZATION_LEVEL = "-Owholemodule";
				TARGETED_DEVICE_FAMILY = "1,2";
				VALIDATE_PRODUCT = YES;
			};
			name = Release;
		};
		A10B686E1E7944AB0040180A /* Debug */ = {
			isa = XCBuildConfiguration;
			buildSettings = {
				ASSETCATALOG_COMPILER_APPICON_NAME = AppIcon;
				INFOPLIST_FILE = WorldTrotter/Info.plist;
				LD_RUNPATH_SEARCH_PATHS = "$(inherited) @executable_path/Frameworks";
				PRODUCT_BUNDLE_IDENTIFIER = com.test.retail.cart.vbn.WorldTrotter;
				PRODUCT_NAME = "$(TARGET_NAME)";
				SWIFT_VERSION = 3.0;
			};
			name = Debug;
		};
		A10B686F1E7944AB0040180A /* Release */ = {
			isa = XCBuildConfiguration;
			buildSettings = {
				ASSETCATALOG_COMPILER_APPICON_NAME = AppIcon;
				INFOPLIST_FILE = WorldTrotter/Info.plist;
				LD_RUNPATH_SEARCH_PATHS = "$(inherited) @executable_path/Frameworks";
				PRODUCT_BUNDLE_IDENTIFIER = com.test.retail.cart.vbn.WorldTrotter;
				PRODUCT_NAME = "$(TARGET_NAME)";
				SWIFT_VERSION = 3.0;
			};
			name = Release;
		};
/* End XCBuildConfiguration section */

/* Begin XCConfigurationList section */
		A10B68561E7944AB0040180A /* Build configuration list for PBXProject "WorldTrotter" */ = {
			isa = XCConfigurationList;
			buildConfigurations = (
				A10B686B1E7944AB0040180A /* Debug */,
				A10B686C1E7944AB0040180A /* Release */,
			);
			defaultConfigurationIsVisible = 0;
			defaultConfigurationName = Release;
		};
		A10B686D1E7944AB0040180A /* Build configuration list for PBXNativeTarget "WorldTrotter" */ = {
			isa = XCConfigurationList;
			buildConfigurations = (
				A10B686E1E7944AB0040180A /* Debug */,
				A10B686F1E7944AB0040180A /* Release */,
			);
			defaultConfigurationIsVisible = 0;
			defaultConfigurationName = Release;
		};
/* End XCConfigurationList section */
	};
	rootObject = A10B68531E7944AB0040180A /* Project object */;
}
